
Microsoft Visual Studio Solution File, Format Version 11.00
# Visual Studio 2010
Project("{FAE04EC0-301F-11D3-BF4B-00C04F79EFBC}") = "Reports", "Reports\Reports.csproj", "{75F13FB0-06F6-4A93-9A79-26F6E47C2404}"
EndProject
Global
	GlobalSection(SolutionConfigurationPlatforms) = preSolution
		Debug|Any CPU = Debug|Any CPU
		Release|Any CPU = Release|Any CPU
	EndGlobalSection
	GlobalSection(ProjectConfigurationPlatforms) = postSolution
		{75F13FB0-06F6-4A93-9A79-26F6E47C2404}.Debug|Any CPU.ActiveCfg = Debug|Any CPU
		{75F13FB0-06F6-4A93-9A79-26F6E47C2404}.Debug|Any CPU.Build.0 = Debug|Any CPU
		{75F13FB0-06F6-4A93-9A79-26F6E47C2404}.Release|Any CPU.ActiveCfg = Release|Any CPU
		{75F13FB0-06F6-4A93-9A79-26F6E47C2404}.Release|Any CPU.Build.0 = Release|Any CPU
	EndGlobalSection
	GlobalSection(SolutionProperties) = preSolution
		HideSolutionNode = FALSE
	EndGlobalSection
EndGlobal
